
Microsoft Visual Studio Solution File, Format Version 12.00
# Visual Studio Version 16
VisualStudioVersion = 16.0.29411.108
MinimumVisualStudioVersion = 10.0.40219.1
Project("{9A19103F-16F7-4668-BE54-9A1E7A4F7556}") = "RealTimeBlogPosts", "RealTimeBlogPosts\RealTimeBlogPosts.csproj", "{AF668BA1-2929-4178-B22C-0CFF8CD0D4F1}"
EndProject
Project("{FAE04EC0-301F-11D3-BF4B-00C04F79EFBC}") = "Services", "Services\Services.csproj", "{B69CDAD6-6139-4C16-B9BF-61C83C47CF4A}"
EndProject
Project("{FAE04EC0-301F-11D3-BF4B-00C04F79EFBC}") = "Data", "Data\Data.csproj", "{0DD0A353-C965-4017-9CCC-ACA92384A0F0}"
EndProject
Global
	GlobalSection(SolutionConfigurationPlatforms) = preSolution
		Debug|Any CPU = Debug|Any CPU
		Release|Any CPU = Release|Any CPU
	EndGlobalSection
	GlobalSection(ProjectConfigurationPlatforms) = postSolution
		{AF668BA1-2929-4178-B22C-0CFF8CD0D4F1}.Debug|Any CPU.ActiveCfg = Debug|Any CPU
		{AF668BA1-2929-4178-B22C-0CFF8CD0D4F1}.Debug|Any CPU.Build.0 = Debug|Any CPU
		{AF668BA1-2929-4178-B22C-0CFF8CD0D4F1}.Release|Any CPU.ActiveCfg = Release|Any CPU
		{AF668BA1-2929-4178-B22C-0CFF8CD0D4F1}.Release|Any CPU.Build.0 = Release|Any CPU
		{B69CDAD6-6139-4C16-B9BF-61C83C47CF4A}.Debug|Any CPU.ActiveCfg = Debug|Any CPU
		{B69CDAD6-6139-4C16-B9BF-61C83C47CF4A}.Debug|Any CPU.Build.0 = Debug|Any CPU
		{B69CDAD6-6139-4C16-B9BF-61C83C47CF4A}.Release|Any CPU.ActiveCfg = Release|Any CPU
		{B69CDAD6-6139-4C16-B9BF-61C83C47CF4A}.Release|Any CPU.Build.0 = Release|Any CPU
		{0DD0A353-C965-4017-9CCC-ACA92384A0F0}.Debug|Any CPU.ActiveCfg = Debug|Any CPU
		{0DD0A353-C965-4017-9CCC-ACA92384A0F0}.Debug|Any CPU.Build.0 = Debug|Any CPU
		{0DD0A353-C965-4017-9CCC-ACA92384A0F0}.Release|Any CPU.ActiveCfg = Release|Any CPU
		{0DD0A353-C965-4017-9CCC-ACA92384A0F0}.Release|Any CPU.Build.0 = Release|Any CPU
	EndGlobalSection
	GlobalSection(SolutionProperties) = preSolution
		HideSolutionNode = FALSE
	EndGlobalSection
	GlobalSection(ExtensibilityGlobals) = postSolution
		SolutionGuid = {C20D5524-0DBA-4988-BFA3-372BD1694E6F}
	EndGlobalSection
EndGlobal
